
Microsoft Visual Studio Solution File, Format Version 12.00
# Visual Studio 15
VisualStudioVersion = 15.0.27428.1
MinimumVisualStudioVersion = 10.0.40219.1
Project("{FAE04EC0-301F-11D3-BF4B-00C04F79EFBC}") = "TrafikLambasi", "TrafikLambasi.csproj", "{8AADADDA-31C7-4300-B959-44D9D1C23E54}"
EndProject
Global
	GlobalSection(SolutionConfigurationPlatforms) = preSolution
		Debug|x86 = Debug|x86
		Release|x86 = Release|x86
	EndGlobalSection
	GlobalSection(ProjectConfigurationPlatforms) = postSolution
		{8AADADDA-31C7-4300-B959-44D9D1C23E54}.Debug|x86.ActiveCfg = Debug|x86
		{8AADADDA-31C7-4300-B959-44D9D1C23E54}.Debug|x86.Build.0 = Debug|x86
		{8AADADDA-31C7-4300-B959-44D9D1C23E54}.Release|x86.ActiveCfg = Release|x86
		{8AADADDA-31C7-4300-B959-44D9D1C23E54}.Release|x86.Build.0 = Release|x86
	EndGlobalSection
	GlobalSection(SolutionProperties) = preSolution
		HideSolutionNode = FALSE
	EndGlobalSection
	GlobalSection(ExtensibilityGlobals) = postSolution
		SolutionGuid = {F3033AC5-131E-447F-A1BB-407FE5799E25}
	EndGlobalSection
EndGlobal
